
Microsoft Visual Studio Solution File, Format Version 12.00
# Visual Studio Version 16
VisualStudioVersion = 16.0.30204.135
MinimumVisualStudioVersion = 10.0.40219.1
Project("{FAE04EC0-301F-11D3-BF4B-00C04F79EFBC}") = "KeyStore", "KeyStore\KeyStore.csproj", "{86471C5E-B929-4457-BFCB-D5EF84009A69}"
EndProject
Global
	GlobalSection(SolutionConfigurationPlatforms) = preSolution
		Debug|Any CPU = Debug|Any CPU
		Release|Any CPU = Release|Any CPU
	EndGlobalSection
	GlobalSection(ProjectConfigurationPlatforms) = postSolution
		{86471C5E-B929-4457-BFCB-D5EF84009A69}.Debug|Any CPU.ActiveCfg = Debug|Any CPU
		{86471C5E-B929-4457-BFCB-D5EF84009A69}.Debug|Any CPU.Build.0 = Debug|Any CPU
		{86471C5E-B929-4457-BFCB-D5EF84009A69}.Release|Any CPU.ActiveCfg = Release|Any CPU
		{86471C5E-B929-4457-BFCB-D5EF84009A69}.Release|Any CPU.Build.0 = Release|Any CPU
	EndGlobalSection
	GlobalSection(SolutionProperties) = preSolution
		HideSolutionNode = FALSE
	EndGlobalSection
	GlobalSection(ExtensibilityGlobals) = postSolution
		SolutionGuid = {55AC815E-8DF1-46CE-AF2F-1E516F40BD25}
	EndGlobalSection
EndGlobal
